# This file is automatically @generated by Cargo.
# It is not intended for manual editing.
version = 4

[[package]]
name = "autocfg"
version = "1.5.0"
source = "registry+https://github.com/rust-lang/crates.io-index"
checksum = "c08606f8c3cbf4ce6ec8e28fb0014a2c086708fe954eaa885384a6165172e7e8"

[[package]]
name = "cfg-if"
version = "1.0.3"
source = "registry+https://github.com/rust-lang/crates.io-index"
checksum = "2fd1289c04a9ea8cb22300a459a72a385d7c73d3259e2ed7dcb2af674838cfa9"

[[package]]
name = "const-util"
version = "2.2.0"
source = "registry+https://github.com/rust-lang/crates.io-index"
checksum = "4af1572ceb4cda564816c4c73f99c9bf2e2c16f8c821ac26528c9948bf260e13"
dependencies = [
 "generic-upper-bound",
 "rustversion",
 "type-const",
]

[[package]]
name = "generic-upper-bound"
version = "3.1.1"
source = "registry+https://github.com/rust-lang/crates.io-index"
checksum = "b3f24331785711088a235ea51db79cb5d2098dfbbf8d9cab3f75cebe2d2539f6"
dependencies = [
 "type-const",
]

[[package]]
name = "gnat"
version = "0.1.1"
dependencies = [
 "const-util",
 "generic-upper-bound",
 "gnat-proc",
 "type-const",
]

[[package]]
name = "gnat-proc"
version = "0.1.1"
dependencies = [
 "ibig",
 "proc-macro2",
 "quote",
 "syn",
]

[[package]]
name = "ibig"
version = "0.3.6"
source = "registry+https://github.com/rust-lang/crates.io-index"
checksum = "d1fcc7f316b2c079dde77564a1360639c1a956a23fa96122732e416cb10717bb"
dependencies = [
 "cfg-if",
 "num-traits",
 "rand",
 "static_assertions",
]

[[package]]
name = "num-traits"
version = "0.2.19"
source = "registry+https://github.com/rust-lang/crates.io-index"
checksum = "071dfc062690e90b734c0b2273ce72ad0ffa95f0c74596bc250dcfd960262841"
dependencies = [
 "autocfg",
]

[[package]]
name = "proc-macro2"
version = "1.0.106"
source = "registry+https://github.com/rust-lang/crates.io-index"
checksum = "8fd00f0bb2e90d81d1044c2b32617f68fcb9fa3bb7640c23e9c748e53fb30934"
dependencies = [
 "unicode-ident",
]

[[package]]
name = "quote"
version = "1.0.45"
source = "registry+https://github.com/rust-lang/crates.io-index"
checksum = "41f2619966050689382d2b44f664f4bc593e129785a36d6ee376ddf37259b924"
dependencies = [
 "proc-macro2",
]

[[package]]
name = "rand"
version = "0.8.5"
source = "registry+https://github.com/rust-lang/crates.io-index"
checksum = "34af8d1a0e25924bc5b7c43c079c942339d8f0a8b57c39049bef581b46327404"
dependencies = [
 "rand_core",
]

[[package]]
name = "rand_core"
version = "0.6.4"
source = "registry+https://github.com/rust-lang/crates.io-index"
checksum = "ec0be4795e2f6a28069bec0b5ff3e2ac9bafc99e6a9a7dc3547996c5c816922c"

[[package]]
name = "rustversion"
version = "1.0.21"
source = "registry+https://github.com/rust-lang/crates.io-index"
checksum = "8a0d197bd2c9dc6e53b84da9556a69ba4cdfab8619eb41a8bd1cc2027a0f6b1d"

[[package]]
name = "static_assertions"
version = "1.1.0"
source = "registry+https://github.com/rust-lang/crates.io-index"
checksum = "a2eb9349b6444b326872e140eb1cf5e7c522154d69e7a0ffb0fb81c06b37543f"

[[package]]
name = "syn"
version = "2.0.117"
source = "registry+https://github.com/rust-lang/crates.io-index"
checksum = "e665b8803e7b1d2a727f4023456bbbbe74da67099c585258af0ad9c5013b9b99"
dependencies = [
 "proc-macro2",
 "quote",
 "unicode-ident",
]

[[package]]
name = "type-const"
version = "1.1.1"
source = "registry+https://github.com/rust-lang/crates.io-index"
checksum = "e47bab1beb61fe8f113ed26fb20f6b2070698da4953323be86632d61c7defc99"

[[package]]
name = "unicode-ident"
version = "1.0.24"
source = "registry+https://github.com/rust-lang/crates.io-index"
checksum = "e6e4313cd5fcd3dad5cafa179702e2b244f760991f45397d14d4ebf38247da75"
